// !$*UTF8*$!
{
	archiveVersion = 1;
	classes = {
	};
	objectVersion = 48;
	objects = {

/* Begin PBXBuildFile section */
		85149E5E2044F9EA0057A624 /* AppDelegate.swift in Sources */ = {isa = PBXBuildFile; fileRef = 85149E5D2044F9EA0057A624 /* AppDelegate.swift */; };
		85149E602044F9EA0057A624 /* ViewController.swift in Sources */ = {isa = PBXBuildFile; fileRef = 85149E5F2044F9EA0057A624 /* ViewController.swift */; };
		85149E632044F9EA0057A624 /* Main.storyboard in Resources */ = {isa = PBXBuildFile; fileRef = 85149E612044F9EA0057A624 /* Main.storyboard */; };
		85149E652044F9EA0057A624 /* Assets.xcassets in Resources */ = {isa = PBXBuildFile; fileRef = 85149E642044F9EA0057A624 /* Assets.xcassets */; };
		85149E682044F9EA0057A624 /* LaunchScreen.storyboard in Resources */ = {isa = PBXBuildFile; fileRef = 85149E662044F9EA0057A624 /* LaunchScreen.storyboard */; };
		851554B920549154001A170B /* CameraOverlayViewController.swift in Sources */ = {isa = PBXBuildFile; fileRef = 851554B720549154001A170B /* CameraOverlayViewController.swift */; };
		851554BA20549154001A170B /* CameraOverlayViewController.xib in Resources */ = {isa = PBXBuildFile; fileRef = 851554B820549154001A170B /* CameraOverlayViewController.xib */; };
		851554BC2054919B001A170B /* CameraOverlayView.swift in Sources */ = {isa = PBXBuildFile; fileRef = 851554BB2054919B001A170B /* CameraOverlayView.swift */; };
/* End PBXBuildFile section */

/* Begin PBXFileReference section */
		85149E5A2044F9EA0057A624 /* Video Music.app */ = {isa = PBXFileReference; explicitFileType = wrapper.application; includeInIndex = 0; path = "Video Music.app"; sourceTree = BUILT_PRODUCTS_DIR; };
		85149E5D2044F9EA0057A624 /* AppDelegate.swift */ = {isa = PBXFileReference; lastKnownFileType = sourcecode.swift; path = AppDelegate.swift; sourceTree = "<group>"; };
		85149E5F2044F9EA0057A624 /* ViewController.swift */ = {isa = PBXFileReference; lastKnownFileType = sourcecode.swift; path = ViewController.swift; sourceTree = "<group>"; };
		85149E622044F9EA0057A624 /* Base */ = {isa = PBXFileReference; lastKnownFileType = file.storyboard; name = Base; path = Base.lproj/Main.storyboard; sourceTree = "<group>"; };
		85149E642044F9EA0057A624 /* Assets.xcassets */ = {isa = PBXFileReference; lastKnownFileType = folder.assetcatalog; path = Assets.xcassets; sourceTree = "<group>"; };
		85149E672044F9EA0057A624 /* Base */ = {isa = PBXFileReference; lastKnownFileType = file.storyboard; name = Base; path = Base.lproj/LaunchScreen.storyboard; sourceTree = "<group>"; };
		85149E692044F9EA0057A624 /* Info.plist */ = {isa = PBXFileReference; lastKnownFileType = text.plist.xml; path = Info.plist; sourceTree = "<group>"; };
		851554B720549154001A170B /* CameraOverlayViewController.swift */ = {isa = PBXFileReference; lastKnownFileType = sourcecode.swift; path = CameraOverlayViewController.swift; sourceTree = "<group>"; };
		851554B820549154001A170B /* CameraOverlayViewController.xib */ = {isa = PBXFileReference; lastKnownFileType = file.xib; path = CameraOverlayViewController.xib; sourceTree = "<group>"; };
		851554BB2054919B001A170B /* CameraOverlayView.swift */ = {isa = PBXFileReference; lastKnownFileType = sourcecode.swift; path = CameraOverlayView.swift; sourceTree = "<group>"; };
/* End PBXFileReference section */

/* Begin PBXFrameworksBuildPhase section */
		85149E572044F9EA0057A624 /* Frameworks */ = {
			isa = PBXFrameworksBuildPhase;
			buildActionMask = 2147483647;
			files = (
			);
			runOnlyForDeploymentPostprocessing = 0;
		};
/* End PBXFrameworksBuildPhase section */

/* Begin PBXGroup section */
		85149E512044F9EA0057A624 = {
			isa = PBXGroup;
			children = (
				85149E5C2044F9EA0057A624 /* Video Music */,
				85149E5B2044F9EA0057A624 /* Products */,
			);
			sourceTree = "<group>";
		};
		85149E5B2044F9EA0057A624 /* Products */ = {
			isa = PBXGroup;
			children = (
				85149E5A2044F9EA0057A624 /* Video Music.app */,
			);
			name = Products;
			sourceTree = "<group>";
		};
		85149E5C2044F9EA0057A624 /* Video Music */ = {
			isa = PBXGroup;
			children = (
				851554B720549154001A170B /* CameraOverlayViewController.swift */,
				851554B820549154001A170B /* CameraOverlayViewController.xib */,
				851554BB2054919B001A170B /* CameraOverlayView.swift */,
				85149E5D2044F9EA0057A624 /* AppDelegate.swift */,
				85149E5F2044F9EA0057A624 /* ViewController.swift */,
				85149E612044F9EA0057A624 /* Main.storyboard */,
				85149E642044F9EA0057A624 /* Assets.xcassets */,
				85149E662044F9EA0057A624 /* LaunchScreen.storyboard */,
				85149E692044F9EA0057A624 /* Info.plist */,
			);
			path = "Video Music";
			sourceTree = "<group>";
		};
/* End PBXGroup section */

/* Begin PBXNativeTarget section */
		85149E592044F9EA0057A624 /* Video Music */ = {
			isa = PBXNativeTarget;
			buildConfigurationList = 85149E6C2044F9EA0057A624 /* Build configuration list for PBXNativeTarget "Video Music" */;
			buildPhases = (
				85149E562044F9EA0057A624 /* Sources */,
				85149E572044F9EA0057A624 /* Frameworks */,
				85149E582044F9EA0057A624 /* Resources */,
			);
			buildRules = (
			);
			dependencies = (
			);
			name = "Video Music";
			productName = "Video Music";
			productReference = 85149E5A2044F9EA0057A624 /* Video Music.app */;
			productType = "com.apple.product-type.application";
		};
/* End PBXNativeTarget section */

/* Begin PBXProject section */
		85149E522044F9EA0057A624 /* Project object */ = {
			isa = PBXProject;
			attributes = {
				LastSwiftUpdateCheck = 0920;
				LastUpgradeCheck = 0920;
				ORGANIZATIONNAME = "Will Said";
				TargetAttributes = {
					85149E592044F9EA0057A624 = {
						CreatedOnToolsVersion = 9.2;
						ProvisioningStyle = Automatic;
					};
				};
			};
			buildConfigurationList = 85149E552044F9EA0057A624 /* Build configuration list for PBXProject "Video Music" */;
			compatibilityVersion = "Xcode 8.0";
			developmentRegion = en;
			hasScannedForEncodings = 0;
			knownRegions = (
				en,
				Base,
			);
			mainGroup = 85149E512044F9EA0057A624;
			productRefGroup = 85149E5B2044F9EA0057A624 /* Products */;
			projectDirPath = "";
			projectRoot = "";
			targets = (
				85149E592044F9EA0057A624 /* Video Music */,
			);
		};
/* End PBXProject section */

/* Begin PBXResourcesBuildPhase section */
		85149E582044F9EA0057A624 /* Resources */ = {
			isa = PBXResourcesBuildPhase;
			buildActionMask = 2147483647;
			files = (
				85149E682044F9EA0057A624 /* LaunchScreen.storyboard in Resources */,
				85149E652044F9EA0057A624 /* Assets.xcassets in Resources */,
				851554BA20549154001A170B /* CameraOverlayViewController.xib in Resources */,
				85149E632044F9EA0057A624 /* Main.storyboard in Resources */,
			);
			runOnlyForDeploymentPostprocessing = 0;
		};
/* End PBXResourcesBuildPhase section */

/* Begin PBXSourcesBuildPhase section */
		85149E562044F9EA0057A624 /* Sources */ = {
			isa = PBXSourcesBuildPhase;
			buildActionMask = 2147483647;
			files = (
				851554BC2054919B001A170B /* CameraOverlayView.swift in Sources */,
				85149E602044F9EA0057A624 /* ViewController.swift in Sources */,
				85149E5E2044F9EA0057A624 /* AppDelegate.swift in Sources */,
				851554B920549154001A170B /* CameraOverlayViewController.swift in Sources */,
			);
			runOnlyForDeploymentPostprocessing = 0;
		};
/* End PBXSourcesBuildPhase section */

/* Begin PBXVariantGroup section */
		85149E612044F9EA0057A624 /* Main.storyboard */ = {
			isa = PBXVariantGroup;
			children = (
				85149E622044F9EA0057A624 /* Base */,
			);
			name = Main.storyboard;
			sourceTree = "<group>";
		};
		85149E662044F9EA0057A624 /* LaunchScreen.storyboard */ = {
			isa = PBXVariantGroup;
			children = (
				85149E672044F9EA0057A624 /* Base */,
			);
			name = LaunchScreen.storyboard;
			sourceTree = "<group>";
		};
/* End PBXVariantGroup section */

/* Begin XCBuildConfiguration section */
		85149E6A2044F9EA0057A624 /* Debug */ = {
			isa = XCBuildConfiguration;
			buildSettings = {
				ALWAYS_SEARCH_USER_PATHS = NO;
				CLANG_ANALYZER_NONNULL = YES;
				CLANG_ANALYZER_NUMBER_OBJECT_CONVERSION = YES_AGGRESSIVE;
				CLANG_CXX_LANGUAGE_STANDARD = "gnu++14";
				CLANG_CXX_LIBRARY = "libc++";
				CLANG_ENABLE_MODULES = YES;
				CLANG_ENABLE_OBJC_ARC = YES;
				CLANG_WARN_BLOCK_CAPTURE_AUTORELEASING = YES;
				CLANG_WARN_BOOL_CONVERSION = YES;
				CLANG_WARN_COMMA = YES;
				CLANG_WARN_CONSTANT_CONVERSION = YES;
				CLANG_WARN_DIRECT_OBJC_ISA_USAGE = YES_ERROR;
				CLANG_WARN_DOCUMENTATION_COMMENTS = YES;
				CLANG_WARN_EMPTY_BODY = YES;
				CLANG_WARN_ENUM_CONVERSION = YES;
				CLANG_WARN_INFINITE_RECURSION = YES;
				CLANG_WARN_INT_CONVERSION = YES;
				CLANG_WARN_NON_LITERAL_NULL_CONVERSION = YES;
				CLANG_WARN_OBJC_LITERAL_CONVERSION = YES;
				CLANG_WARN_OBJC_ROOT_CLASS = YES_ERROR;
				CLANG_WARN_RANGE_LOOP_ANALYSIS = YES;
				CLANG_WARN_STRICT_PROTOTYPES = YES;
				CLANG_WARN_SUSPICIOUS_MOVE = YES;
				CLANG_WARN_UNGUARDED_AVAILABILITY = YES_AGGRESSIVE;
				CLANG_WARN_UNREACHABLE_CODE = YES;
				CLANG_WARN__DUPLICATE_METHOD_MATCH = YES;
				CODE_SIGN_IDENTITY = "iPhone Developer";
				COPY_PHASE_STRIP = NO;
				DEBUG_INFORMATION_FORMAT = dwarf;
				ENABLE_STRICT_OBJC_MSGSEND = YES;
				ENABLE_TESTABILITY = YES;
				GCC_C_LANGUAGE_STANDARD = gnu11;
				GCC_DYNAMIC_NO_PIC = NO;
				GCC_NO_COMMON_BLOCKS = YES;
				GCC_OPTIMIZATION_LEVEL = 0;
				GCC_PREPROCESSOR_DEFINITIONS = (
					"DEBUG=1",
					"$(inherited)",
				);
				GCC_WARN_64_TO_32_BIT_CONVERSION = YES;
				GCC_WARN_ABOUT_RETURN_TYPE = YES_ERROR;
				GCC_WARN_UNDECLARED_SELECTOR = YES;
				GCC_WARN_UNINITIALIZED_AUTOS = YES_AGGRESSIVE;
				GCC_WARN_UNUSED_FUNCTION = YES;
				GCC_WARN_UNUSED_VARIABLE = YES;
				IPHONEOS_DEPLOYMENT_TARGET = 11.2;
				MTL_ENABLE_DEBUG_INFO = YES;
				ONLY_ACTIVE_ARCH = YES;
				SDKROOT = iphoneos;
				SWIFT_ACTIVE_COMPILATION_CONDITIONS = DEBUG;
				SWIFT_OPTIMIZATION_LEVEL = "-Onone";
			};
			name = Debug;
		};
		85149E6B2044F9EA0057A624 /* Release */ = {
			isa = XCBuildConfiguration;
			buildSettings = {
				ALWAYS_SEARCH_USER_PATHS = NO;
				CLANG_ANALYZER_NONNULL = YES;
				CLANG_ANALYZER_NUMBER_OBJECT_CONVERSION = YES_AGGRESSIVE;
				CLANG_CXX_LANGUAGE_STANDARD = "gnu++14";
				CLANG_CXX_LIBRARY = "libc++";
				CLANG_ENABLE_MODULES = YES;
				CLANG_ENABLE_OBJC_ARC = YES;
				CLANG_WARN_BLOCK_CAPTURE_AUTORELEASING = YES;
				CLANG_WARN_BOOL_CONVERSION = YES;
				CLANG_WARN_COMMA = YES;
				CLANG_WARN_CONSTANT_CONVERSION = YES;
				CLANG_WARN_DIRECT_OBJC_ISA_USAGE = YES_ERROR;
				CLANG_WARN_DOCUMENTATION_COMMENTS = YES;
				CLANG_WARN_EMPTY_BODY = YES;
				CLANG_WARN_ENUM_CONVERSION = YES;
				CLANG_WARN_INFINITE_RECURSION = YES;
				CLANG_WARN_INT_CONVERSION = YES;
				CLANG_WARN_NON_LITERAL_NULL_CONVERSION = YES;
				CLANG_WARN_OBJC_LITERAL_CONVERSION = YES;
				CLANG_WARN_OBJC_ROOT_CLASS = YES_ERROR;
				CLANG_WARN_RANGE_LOOP_ANALYSIS = YES;
				CLANG_WARN_STRICT_PROTOTYPES = YES;
				CLANG_WARN_SUSPICIOUS_MOVE = YES;
				CLANG_WARN_UNGUARDED_AVAILABILITY = YES_AGGRESSIVE;
				CLANG_WARN_UNREACHABLE_CODE = YES;
				CLANG_WARN__DUPLICATE_METHOD_MATCH = YES;
				CODE_SIGN_IDENTITY = "iPhone Developer";
				COPY_PHASE_STRIP = NO;
				DEBUG_INFORMATION_FORMAT = "dwarf-with-dsym";
				ENABLE_NS_ASSERTIONS = NO;
				ENABLE_STRICT_OBJC_MSGSEND = YES;
				GCC_C_LANGUAGE_STANDARD = gnu11;
				GCC_NO_COMMON_BLOCKS = YES;
				GCC_WARN_64_TO_32_BIT_CONVERSION = YES;
				GCC_WARN_ABOUT_RETURN_TYPE = YES_ERROR;
				GCC_WARN_UNDECLARED_SELECTOR = YES;
				GCC_WARN_UNINITIALIZED_AUTOS = YES_AGGRESSIVE;
				GCC_WARN_UNUSED_FUNCTION = YES;
				GCC_WARN_UNUSED_VARIABLE = YES;
				IPHONEOS_DEPLOYMENT_TARGET = 11.2;
				MTL_ENABLE_DEBUG_INFO = NO;
				SDKROOT = iphoneos;
				SWIFT_OPTIMIZATION_LEVEL = "-Owholemodule";
				VALIDATE_PRODUCT = YES;
			};
			name = Release;
		};
		85149E6D2044F9EA0057A624 /* Debug */ = {
			isa = XCBuildConfiguration;
			buildSettings = {
				ASSETCATALOG_COMPILER_APPICON_NAME = AppIcon;
				CODE_SIGN_STYLE = Automatic;
				DEVELOPMENT_TEAM = 3VAGH3GY35;
				INFOPLIST_FILE = "Video Music/Info.plist";
				IPHONEOS_DEPLOYMENT_TARGET = 10.2;
				LD_RUNPATH_SEARCH_PATHS = "$(inherited) @executable_path/Frameworks";
				PRODUCT_BUNDLE_IDENTIFIER = "com.example.Video-Music";
				PRODUCT_NAME = "$(TARGET_NAME)";
				SWIFT_VERSION = 4.0;
				TARGETED_DEVICE_FAMILY = "1,2";
			};
			name = Debug;
		};
		85149E6E2044F9EA0057A624 /* Release */ = {
			isa = XCBuildConfiguration;
			buildSettings = {
				ASSETCATALOG_COMPILER_APPICON_NAME = AppIcon;
				CODE_SIGN_STYLE = Automatic;
				DEVELOPMENT_TEAM = 3VAGH3GY35;
				INFOPLIST_FILE = "Video Music/Info.plist";
				IPHONEOS_DEPLOYMENT_TARGET = 10.2;
				LD_RUNPATH_SEARCH_PATHS = "$(inherited) @executable_path/Frameworks";
				PRODUCT_BUNDLE_IDENTIFIER = "com.example.Video-Music";
				PRODUCT_NAME = "$(TARGET_NAME)";
				SWIFT_VERSION = 4.0;
				TARGETED_DEVICE_FAMILY = "1,2";
			};
			name = Release;
		};
/* End XCBuildConfiguration section */

/* Begin XCConfigurationList section */
		85149E552044F9EA0057A624 /* Build configuration list for PBXProject "Video Music" */ = {
			isa = XCConfigurationList;
			buildConfigurations = (
				85149E6A2044F9EA0057A624 /* Debug */,
				85149E6B2044F9EA0057A624 /* Release */,
			);
			defaultConfigurationIsVisible = 0;
			defaultConfigurationName = Release;
		};
		85149E6C2044F9EA0057A624 /* Build configuration list for PBXNativeTarget "Video Music" */ = {
			isa = XCConfigurationList;
			buildConfigurations = (
				85149E6D2044F9EA0057A624 /* Debug */,
				85149E6E2044F9EA0057A624 /* Release */,
			);
			defaultConfigurationIsVisible = 0;
			defaultConfigurationName = Release;
		};
/* End XCConfigurationList section */
	};
	rootObject = 85149E522044F9EA0057A624 /* Project object */;
}
